
Microsoft Visual Studio Solution File, Format Version 12.00
# Visual Studio 15
VisualStudioVersion = 15.0.28307.572
MinimumVisualStudioVersion = 10.0.40219.1
Project("{9A19103F-16F7-4668-BE54-9A1E7A4F7556}") = "NaturalLangugeTools", "NaturalLangugeTools\NaturalLangugeTools.csproj", "{EDFDF48E-0458-4DFC-8559-8C6D20AFBB6A}"
EndProject
Project("{9A19103F-16F7-4668-BE54-9A1E7A4F7556}") = "NaturalLanguageApp", "NaturalLanguageApp\NaturalLanguageApp.csproj", "{294DEB40-1D8F-44B1-A545-53FD8D44CAE3}"
EndProject
Project("{9A19103F-16F7-4668-BE54-9A1E7A4F7556}") = "NaturalLanguageToolsUnitTests", "NaturalLanguageToolsUnitTests\NaturalLanguageToolsUnitTests.csproj", "{5FDF1543-6575-4670-AAC2-1A1017F91E32}"
	ProjectSection(ProjectDependencies) = postProject
		{EDFDF48E-0458-4DFC-8559-8C6D20AFBB6A} = {EDFDF48E-0458-4DFC-8559-8C6D20AFBB6A}
	EndProjectSection
EndProject
Project("{9A19103F-16F7-4668-BE54-9A1E7A4F7556}") = "Wikidump", "Wikidump\Wikidump.csproj", "{35041E2C-42D7-40E9-A70D-68DFBEC09820}"
EndProject
Project("{9A19103F-16F7-4668-BE54-9A1E7A4F7556}") = "DocumentStorage", "DocumentStorage\DocumentStorage.csproj", "{60C72AA7-EDC3-4687-BE4A-31D87A80263B}"
EndProject
Global
	GlobalSection(SolutionConfigurationPlatforms) = preSolution
		Debug|Any CPU = Debug|Any CPU
		Release|Any CPU = Release|Any CPU
	EndGlobalSection
	GlobalSection(ProjectConfigurationPlatforms) = postSolution
		{EDFDF48E-0458-4DFC-8559-8C6D20AFBB6A}.Debug|Any CPU.ActiveCfg = Debug|Any CPU
		{EDFDF48E-0458-4DFC-8559-8C6D20AFBB6A}.Debug|Any CPU.Build.0 = Debug|Any CPU
		{EDFDF48E-0458-4DFC-8559-8C6D20AFBB6A}.Release|Any CPU.ActiveCfg = Release|Any CPU
		{EDFDF48E-0458-4DFC-8559-8C6D20AFBB6A}.Release|Any CPU.Build.0 = Release|Any CPU
		{294DEB40-1D8F-44B1-A545-53FD8D44CAE3}.Debug|Any CPU.ActiveCfg = Debug|Any CPU
		{294DEB40-1D8F-44B1-A545-53FD8D44CAE3}.Debug|Any CPU.Build.0 = Debug|Any CPU
		{294DEB40-1D8F-44B1-A545-53FD8D44CAE3}.Release|Any CPU.ActiveCfg = Release|Any CPU
		{294DEB40-1D8F-44B1-A545-53FD8D44CAE3}.Release|Any CPU.Build.0 = Release|Any CPU
		{5FDF1543-6575-4670-AAC2-1A1017F91E32}.Debug|Any CPU.ActiveCfg = Debug|Any CPU
		{5FDF1543-6575-4670-AAC2-1A1017F91E32}.Debug|Any CPU.Build.0 = Debug|Any CPU
		{5FDF1543-6575-4670-AAC2-1A1017F91E32}.Release|Any CPU.ActiveCfg = Release|Any CPU
		{5FDF1543-6575-4670-AAC2-1A1017F91E32}.Release|Any CPU.Build.0 = Release|Any CPU
		{35041E2C-42D7-40E9-A70D-68DFBEC09820}.Debug|Any CPU.ActiveCfg = Debug|Any CPU
		{35041E2C-42D7-40E9-A70D-68DFBEC09820}.Debug|Any CPU.Build.0 = Debug|Any CPU
		{35041E2C-42D7-40E9-A70D-68DFBEC09820}.Release|Any CPU.ActiveCfg = Release|Any CPU
		{35041E2C-42D7-40E9-A70D-68DFBEC09820}.Release|Any CPU.Build.0 = Release|Any CPU
		{60C72AA7-EDC3-4687-BE4A-31D87A80263B}.Debug|Any CPU.ActiveCfg = Debug|Any CPU
		{60C72AA7-EDC3-4687-BE4A-31D87A80263B}.Debug|Any CPU.Build.0 = Debug|Any CPU
		{60C72AA7-EDC3-4687-BE4A-31D87A80263B}.Release|Any CPU.ActiveCfg = Release|Any CPU
		{60C72AA7-EDC3-4687-BE4A-31D87A80263B}.Release|Any CPU.Build.0 = Release|Any CPU
	EndGlobalSection
	GlobalSection(SolutionProperties) = preSolution
		HideSolutionNode = FALSE
	EndGlobalSection
	GlobalSection(ExtensibilityGlobals) = postSolution
		SolutionGuid = {030D8380-280E-49C0-91FA-EDA0EFC58C15}
	EndGlobalSection
EndGlobal
